
Microsoft Visual Studio Solution File, Format Version 12.00
# Visual Studio 15
VisualStudioVersion = 15.0.28307.705
MinimumVisualStudioVersion = 10.0.40219.1
Project("{FAE04EC0-301F-11D3-BF4B-00C04F79EFBC}") = "ProyectoIHER", "ProyectoIHER\ProyectoIHER.csproj", "{D4521647-E002-45DB-8F01-7B9052F43458}"
EndProject
Project("{FAE04EC0-301F-11D3-BF4B-00C04F79EFBC}") = "ProyectoIHER.Tests", "ProyectoIHER.Tests\ProyectoIHER.Tests.csproj", "{235F68BE-1087-4B00-B6F7-E10D9601D847}"
EndProject
Global
	GlobalSection(SolutionConfigurationPlatforms) = preSolution
		Debug|Any CPU = Debug|Any CPU
		Release|Any CPU = Release|Any CPU
	EndGlobalSection
	GlobalSection(ProjectConfigurationPlatforms) = postSolution
		{D4521647-E002-45DB-8F01-7B9052F43458}.Debug|Any CPU.ActiveCfg = Debug|Any CPU
		{D4521647-E002-45DB-8F01-7B9052F43458}.Debug|Any CPU.Build.0 = Debug|Any CPU
		{D4521647-E002-45DB-8F01-7B9052F43458}.Release|Any CPU.ActiveCfg = Release|Any CPU
		{D4521647-E002-45DB-8F01-7B9052F43458}.Release|Any CPU.Build.0 = Release|Any CPU
		{235F68BE-1087-4B00-B6F7-E10D9601D847}.Debug|Any CPU.ActiveCfg = Debug|Any CPU
		{235F68BE-1087-4B00-B6F7-E10D9601D847}.Debug|Any CPU.Build.0 = Debug|Any CPU
		{235F68BE-1087-4B00-B6F7-E10D9601D847}.Release|Any CPU.ActiveCfg = Release|Any CPU
		{235F68BE-1087-4B00-B6F7-E10D9601D847}.Release|Any CPU.Build.0 = Release|Any CPU
	EndGlobalSection
	GlobalSection(SolutionProperties) = preSolution
		HideSolutionNode = FALSE
	EndGlobalSection
	GlobalSection(ExtensibilityGlobals) = postSolution
		SolutionGuid = {55A3BBD6-B729-4E5E-A29C-7794B2EC0A96}
	EndGlobalSection
EndGlobal
